
Microsoft Visual Studio Solution File, Format Version 12.00
# Visual Studio 15
VisualStudioVersion = 15.0.28307.489
MinimumVisualStudioVersion = 10.0.40219.1
Project("{FAE04EC0-301F-11D3-BF4B-00C04F79EFBC}") = "debugPluginLocally", "DA4I_BasicInfo\debugPluginLocally\debugPluginLocally.csproj", "{A025FAE9-D3A8-4110-A22B-541557DCC445}"
EndProject
Project("{FAE04EC0-301F-11D3-BF4B-00C04F79EFBC}") = "DA4I_BasicInfoPlugin", "DA4I_BasicInfo\DA4I_BasicInfoPlugin\DA4I_BasicInfoPlugin.csproj", "{22172E1B-8309-46E1-A2F0-D89FCDEDE349}"
EndProject
Global
	GlobalSection(SolutionConfigurationPlatforms) = preSolution
		Debug|Any CPU = Debug|Any CPU
		Release|Any CPU = Release|Any CPU
	EndGlobalSection
	GlobalSection(ProjectConfigurationPlatforms) = postSolution
		{A025FAE9-D3A8-4110-A22B-541557DCC445}.Debug|Any CPU.ActiveCfg = Debug|Any CPU
		{A025FAE9-D3A8-4110-A22B-541557DCC445}.Debug|Any CPU.Build.0 = Debug|Any CPU
		{A025FAE9-D3A8-4110-A22B-541557DCC445}.Release|Any CPU.ActiveCfg = Release|Any CPU
		{A025FAE9-D3A8-4110-A22B-541557DCC445}.Release|Any CPU.Build.0 = Release|Any CPU
		{22172E1B-8309-46E1-A2F0-D89FCDEDE349}.Debug|Any CPU.ActiveCfg = Debug|Any CPU
		{22172E1B-8309-46E1-A2F0-D89FCDEDE349}.Debug|Any CPU.Build.0 = Debug|Any CPU
		{22172E1B-8309-46E1-A2F0-D89FCDEDE349}.Release|Any CPU.ActiveCfg = Release|Any CPU
		{22172E1B-8309-46E1-A2F0-D89FCDEDE349}.Release|Any CPU.Build.0 = Release|Any CPU
	EndGlobalSection
	GlobalSection(SolutionProperties) = preSolution
		HideSolutionNode = FALSE
	EndGlobalSection
	GlobalSection(ExtensibilityGlobals) = postSolution
		SolutionGuid = {82612C03-1E99-4CAC-B538-74823E1A9626}
	EndGlobalSection
EndGlobal
